
Microsoft Visual Studio Solution File, Format Version 12.00
# Visual Studio Version 16
VisualStudioVersion = 16.0.30011.22
MinimumVisualStudioVersion = 10.0.40219.1
Project("{9A19103F-16F7-4668-BE54-9A1E7A4F7556}") = "MaoriQuiz", "..\MaoriQuiz\MaoriQuiz\MaoriQuiz.csproj", "{4366BDF8-0F44-46B8-A67A-0341F01F49D7}"
EndProject
Global
	GlobalSection(SolutionConfigurationPlatforms) = preSolution
		Debug|Any CPU = Debug|Any CPU
		Release|Any CPU = Release|Any CPU
	EndGlobalSection
	GlobalSection(ProjectConfigurationPlatforms) = postSolution
		{4366BDF8-0F44-46B8-A67A-0341F01F49D7}.Debug|Any CPU.ActiveCfg = Debug|Any CPU
		{4366BDF8-0F44-46B8-A67A-0341F01F49D7}.Debug|Any CPU.Build.0 = Debug|Any CPU
		{4366BDF8-0F44-46B8-A67A-0341F01F49D7}.Release|Any CPU.ActiveCfg = Release|Any CPU
		{4366BDF8-0F44-46B8-A67A-0341F01F49D7}.Release|Any CPU.Build.0 = Release|Any CPU
	EndGlobalSection
	GlobalSection(SolutionProperties) = preSolution
		HideSolutionNode = FALSE
	EndGlobalSection
	GlobalSection(ExtensibilityGlobals) = postSolution
		SolutionGuid = {3E7D0195-C538-4B54-807D-ECCD314E8500}
	EndGlobalSection
EndGlobal
